
Microsoft Visual Studio Solution File, Format Version 12.00
# Visual Studio 15
Project("{FAE04EC0-301F-11D3-BF4B-00C04F79EFBC}") = "Assembly-CSharp", "Assembly-CSharp.csproj", "{777157D8-7675-A3E1-6056-1D10BA98782D}"
EndProject
Project("{FAE04EC0-301F-11D3-BF4B-00C04F79EFBC}") = "Assembly-CSharp-Editor", "Assembly-CSharp-Editor.csproj", "{ACEEDBEC-1E9A-A66E-C4DE-44012EA4B88A}"
EndProject
Global
	GlobalSection(SolutionConfigurationPlatforms) = preSolution
		Debug|Any CPU = Debug|Any CPU
		Release|Any CPU = Release|Any CPU
	EndGlobalSection
	GlobalSection(ProjectConfigurationPlatforms) = postSolution
		{777157D8-7675-A3E1-6056-1D10BA98782D}.Debug|Any CPU.ActiveCfg = Debug|Any CPU
		{777157D8-7675-A3E1-6056-1D10BA98782D}.Debug|Any CPU.Build.0 = Debug|Any CPU
		{777157D8-7675-A3E1-6056-1D10BA98782D}.Release|Any CPU.ActiveCfg = Release|Any CPU
		{777157D8-7675-A3E1-6056-1D10BA98782D}.Release|Any CPU.Build.0 = Release|Any CPU
		{ACEEDBEC-1E9A-A66E-C4DE-44012EA4B88A}.Debug|Any CPU.ActiveCfg = Debug|Any CPU
		{ACEEDBEC-1E9A-A66E-C4DE-44012EA4B88A}.Debug|Any CPU.Build.0 = Debug|Any CPU
		{ACEEDBEC-1E9A-A66E-C4DE-44012EA4B88A}.Release|Any CPU.ActiveCfg = Release|Any CPU
		{ACEEDBEC-1E9A-A66E-C4DE-44012EA4B88A}.Release|Any CPU.Build.0 = Release|Any CPU
	EndGlobalSection
	GlobalSection(SolutionProperties) = preSolution
		HideSolutionNode = FALSE
	EndGlobalSection
EndGlobal
